
Microsoft Visual Studio Solution File, Format Version 12.00
# Visual Studio 15
VisualStudioVersion = 15.0.27703.2018
MinimumVisualStudioVersion = 10.0.40219.1
Project("{FAE04EC0-301F-11D3-BF4B-00C04F79EFBC}") = "EventBus", "EventBus\EventBus.csproj", "{1BE54A04-3821-49E9-AA0C-10DC642102A1}"
EndProject
Project("{2150E333-8FDC-42A3-9474-1A3956D46DE8}") = "Test", "Test", "{2025B22C-93B1-4553-8358-973F6FD86CE2}"
EndProject
Project("{FAE04EC0-301F-11D3-BF4B-00C04F79EFBC}") = "CoreConsoleApp", "Test\CoreConsoleApp\CoreConsoleApp.csproj", "{5B8E1837-DCB2-439E-8AE5-CF921089F84C}"
EndProject
Global
	GlobalSection(SolutionConfigurationPlatforms) = preSolution
		Debug|Any CPU = Debug|Any CPU
		Release|Any CPU = Release|Any CPU
	EndGlobalSection
	GlobalSection(ProjectConfigurationPlatforms) = postSolution
		{1BE54A04-3821-49E9-AA0C-10DC642102A1}.Debug|Any CPU.ActiveCfg = Debug|Any CPU
		{1BE54A04-3821-49E9-AA0C-10DC642102A1}.Debug|Any CPU.Build.0 = Debug|Any CPU
		{1BE54A04-3821-49E9-AA0C-10DC642102A1}.Release|Any CPU.ActiveCfg = Release|Any CPU
		{1BE54A04-3821-49E9-AA0C-10DC642102A1}.Release|Any CPU.Build.0 = Release|Any CPU
		{5B8E1837-DCB2-439E-8AE5-CF921089F84C}.Debug|Any CPU.ActiveCfg = Debug|Any CPU
		{5B8E1837-DCB2-439E-8AE5-CF921089F84C}.Debug|Any CPU.Build.0 = Debug|Any CPU
		{5B8E1837-DCB2-439E-8AE5-CF921089F84C}.Release|Any CPU.ActiveCfg = Release|Any CPU
		{5B8E1837-DCB2-439E-8AE5-CF921089F84C}.Release|Any CPU.Build.0 = Release|Any CPU
	EndGlobalSection
	GlobalSection(SolutionProperties) = preSolution
		HideSolutionNode = FALSE
	EndGlobalSection
	GlobalSection(NestedProjects) = preSolution
		{5B8E1837-DCB2-439E-8AE5-CF921089F84C} = {2025B22C-93B1-4553-8358-973F6FD86CE2}
	EndGlobalSection
	GlobalSection(ExtensibilityGlobals) = postSolution
		SolutionGuid = {F522B30F-C147-46F9-9908-7BC0143078FD}
	EndGlobalSection
EndGlobal
